
Microsoft Visual Studio Solution File, Format Version 12.00
# Visual Studio Version 17
VisualStudioVersion = 17.5.33516.290
MinimumVisualStudioVersion = 10.0.40219.1
Project("{FAE04EC0-301F-11D3-BF4B-00C04F79EFBC}") = "SimpleRestApplicationV2", "SimpleRestApplicationV2\SimpleRestApplicationV2.csproj", "{BFBB06B2-E7D6-4E19-887A-DE1BFC120C40}"
EndProject
Global
	GlobalSection(SolutionConfigurationPlatforms) = preSolution
		Debug|Any CPU = Debug|Any CPU
		Release|Any CPU = Release|Any CPU
	EndGlobalSection
	GlobalSection(ProjectConfigurationPlatforms) = postSolution
		{BFBB06B2-E7D6-4E19-887A-DE1BFC120C40}.Debug|Any CPU.ActiveCfg = Debug|Any CPU
		{BFBB06B2-E7D6-4E19-887A-DE1BFC120C40}.Debug|Any CPU.Build.0 = Debug|Any CPU
		{BFBB06B2-E7D6-4E19-887A-DE1BFC120C40}.Release|Any CPU.ActiveCfg = Release|Any CPU
		{BFBB06B2-E7D6-4E19-887A-DE1BFC120C40}.Release|Any CPU.Build.0 = Release|Any CPU
	EndGlobalSection
	GlobalSection(SolutionProperties) = preSolution
		HideSolutionNode = FALSE
	EndGlobalSection
	GlobalSection(ExtensibilityGlobals) = postSolution
		SolutionGuid = {207E7CF2-E6B2-41D1-A0B3-BAE0B274F6DE}
	EndGlobalSection
EndGlobal
